Microsoft Visual Studio Solution File, Format Version 12.00
# Visual Studio Version 17
VisualStudioVersion = 17.5.2.0
MinimumVisualStudioVersion = 10.0.40219.1
Project("{FAE04EC0-301F-11D3-BF4B-00C04F79EFBC}") = "Joblify-Backend", "Joblify-Backend\Joblify-Backend.csproj", "{8EDED80D-2394-1753-2185-48D3A3DDDF06}"
EndProject
Global
	GlobalSection(SolutionConfigurationPlatforms) = preSolution
		Debug|Any CPU = Debug|Any CPU
		Release|Any CPU = Release|Any CPU
	EndGlobalSection
	GlobalSection(ProjectConfigurationPlatforms) = postSolution
		{8EDED80D-2394-1753-2185-48D3A3DDDF06}.Debug|Any CPU.ActiveCfg = Debug|Any CPU
		{8EDED80D-2394-1753-2185-48D3A3DDDF06}.Debug|Any CPU.Build.0 = Debug|Any CPU
		{8EDED80D-2394-1753-2185-48D3A3DDDF06}.Release|Any CPU.ActiveCfg = Release|Any CPU
		{8EDED80D-2394-1753-2185-48D3A3DDDF06}.Release|Any CPU.Build.0 = Release|Any CPU
	EndGlobalSection
	GlobalSection(SolutionProperties) = preSolution
		HideSolutionNode = FALSE
	EndGlobalSection
	GlobalSection(ExtensibilityGlobals) = postSolution
		SolutionGuid = {D083EC54-2EBF-4AC2-BE08-BAEF548A9C33}
	EndGlobalSection
EndGlobal
